// !$*UTF8*$!
{
	archiveVersion = 1;
	classes = {
	};
	objectVersion = 56;
	objects = {

/* Begin PBXBuildFile section */
		8D09EC8F2B8C604E00A10437 /* RateAppProvider.swift in Sources */ = {isa = PBXBuildFile; fileRef = 8D09EC8E2B8C604E00A10437 /* RateAppProvider.swift */; };
		8D09EC922B8C720400A10437 /* SettingsScreen.swift in Sources */ = {isa = PBXBuildFile; fileRef = 8D09EC912B8C720400A10437 /* SettingsScreen.swift */; };
		8D09EC952B8DF8B800A10437 /* PermissionProvider.swift in Sources */ = {isa = PBXBuildFile; fileRef = 8D09EC942B8DF8B800A10437 /* PermissionProvider.swift */; };
		8D09EC972B8E09AC00A10437 /* NotificationSettingsScreen.swift in Sources */ = {isa = PBXBuildFile; fileRef = 8D09EC962B8E09AC00A10437 /* NotificationSettingsScreen.swift */; };
		8D09EC982B8E305F00A10437 /* DateFormatter.swift in Sources */ = {isa = PBXBuildFile; fileRef = 8D28D7D82B873EA8006D14FA /* DateFormatter.swift */; };
		8D09EC9A2B8E505400A10437 /* DaysBeforePulldownButton.swift in Sources */ = {isa = PBXBuildFile; fileRef = 8D09EC992B8E505400A10437 /* DaysBeforePulldownButton.swift */; };
		8D09EC9C2B8E537600A10437 /* ExpiredEventUpdater.swift in Sources */ = {isa = PBXBuildFile; fileRef = 8D09EC9B2B8E537600A10437 /* ExpiredEventUpdater.swift */; };
		8D1242292B7D267B00ED016E /* AppDelegate.swift in Sources */ = {isa = PBXBuildFile; fileRef = 8D1242282B7D267B00ED016E /* AppDelegate.swift */; };
		8D12422B2B7D267B00ED016E /* SceneDelegate.swift in Sources */ = {isa = PBXBuildFile; fileRef = 8D12422A2B7D267B00ED016E /* SceneDelegate.swift */; };
		8D1242302B7D267B00ED016E /* Main.storyboard in Resources */ = {isa = PBXBuildFile; fileRef = 8D12422E2B7D267B00ED016E /* Main.storyboard */; };
		8D1242332B7D267B00ED016E /* AI_Birthday_calendar___remind.xcdatamodeld in Sources */ = {isa = PBXBuildFile; fileRef = 8D1242312B7D267B00ED016E /* AI_Birthday_calendar___remind.xcdatamodeld */; };
		8D1242352B7D267D00ED016E /* Assets.xcassets in Resources */ = {isa = PBXBuildFile; fileRef = 8D1242342B7D267D00ED016E /* Assets.xcassets */; };
		8D1242382B7D267D00ED016E /* LaunchScreen.storyboard in Resources */ = {isa = PBXBuildFile; fileRef = 8D1242362B7D267D00ED016E /* LaunchScreen.storyboard */; };
		8D1242442B7D267D00ED016E /* AI_Birthday_calendar___remindTests.swift in Sources */ = {isa = PBXBuildFile; fileRef = 8D1242432B7D267D00ED016E /* AI_Birthday_calendar___remindTests.swift */; };
		8D12424E2B7D267D00ED016E /* AI_Birthday_calendar___remindUITests.swift in Sources */ = {isa = PBXBuildFile; fileRef = 8D12424D2B7D267D00ED016E /* AI_Birthday_calendar___remindUITests.swift */; };
		8D1242502B7D267D00ED016E /* AI_Birthday_calendar___remindUITestsLaunchTests.swift in Sources */ = {isa = PBXBuildFile; fileRef = 8D12424F2B7D267D00ED016E /* AI_Birthday_calendar___remindUITestsLaunchTests.swift */; };
		8D12425D2B7D285500ED016E /* .gitignore in Resources */ = {isa = PBXBuildFile; fileRef = 8D12425C2B7D285500ED016E /* .gitignore */; };
		8D193E4E2B8E739200C4D397 /* NotificationServiceProvider.swift in Sources */ = {isa = PBXBuildFile; fileRef = 8D193E4D2B8E739200C4D397 /* NotificationServiceProvider.swift */; };
		8D28D7D92B873EA8006D14FA /* DateFormatter.swift in Sources */ = {isa = PBXBuildFile; fileRef = 8D28D7D82B873EA8006D14FA /* DateFormatter.swift */; };
		8D28D7DD2B8768A2006D14FA /* AddEventCell.swift in Sources */ = {isa = PBXBuildFile; fileRef = 8D28D7DB2B8768A2006D14FA /* AddEventCell.swift */; };
		8D28D7DE2B8768A2006D14FA /* AddEventCell.xib in Resources */ = {isa = PBXBuildFile; fileRef = 8D28D7DC2B8768A2006D14FA /* AddEventCell.xib */; };
		8D28D7E02B8768BD006D14FA /* AddEventScreen.swift in Sources */ = {isa = PBXBuildFile; fileRef = 8D28D7DF2B8768BD006D14FA /* AddEventScreen.swift */; };
		8D7823832B8397D600E63423 /* Enumerations.swift in Sources */ = {isa = PBXBuildFile; fileRef = 8D7823822B8397D600E63423 /* Enumerations.swift */; };
		8D7823842B8397D600E63423 /* Enumerations.swift in Sources */ = {isa = PBXBuildFile; fileRef = 8D7823822B8397D600E63423 /* Enumerations.swift */; };
		8D7823862B84AC1500E63423 /* MainEvent.swift in Sources */ = {isa = PBXBuildFile; fileRef = 8D7823852B84AC1500E63423 /* MainEvent.swift */; };
		8D7823872B84AC1500E63423 /* MainEvent.swift in Sources */ = {isa = PBXBuildFile; fileRef = 8D7823852B84AC1500E63423 /* MainEvent.swift */; };
		8D7823892B84AE4D00E63423 /* GeneratedMessage.swift in Sources */ = {isa = PBXBuildFile; fileRef = 8D7823882B84AE4D00E63423 /* GeneratedMessage.swift */; };
		8D78238A2B84AE4D00E63423 /* GeneratedMessage.swift in Sources */ = {isa = PBXBuildFile; fileRef = 8D7823882B84AE4D00E63423 /* GeneratedMessage.swift */; };
		8D78238F2B84B13A00E63423 /* JsonCoders.swift in Sources */ = {isa = PBXBuildFile; fileRef = 8D78238E2B84B13A00E63423 /* JsonCoders.swift */; };
		8D7823902B84B13A00E63423 /* JsonCoders.swift in Sources */ = {isa = PBXBuildFile; fileRef = 8D78238E2B84B13A00E63423 /* JsonCoders.swift */; };
		8D7823932B8623E300E63423 /* StorageConfiguration.swift in Sources */ = {isa = PBXBuildFile; fileRef = 8D7823922B8623E300E63423 /* StorageConfiguration.swift */; };
		8D7823942B8623E300E63423 /* StorageConfiguration.swift in Sources */ = {isa = PBXBuildFile; fileRef = 8D7823922B8623E300E63423 /* StorageConfiguration.swift */; };
		8D7823962B8623EB00E63423 /* AppConfiguration.swift in Sources */ = {isa = PBXBuildFile; fileRef = 8D7823952B8623EB00E63423 /* AppConfiguration.swift */; };
		8D7823972B8623EB00E63423 /* AppConfiguration.swift in Sources */ = {isa = PBXBuildFile; fileRef = 8D7823952B8623EB00E63423 /* AppConfiguration.swift */; };
		8D7823992B86255B00E63423 /* Storage.swift in Sources */ = {isa = PBXBuildFile; fileRef = 8D7823982B86255B00E63423 /* Storage.swift */; };
		8D78239A2B86255B00E63423 /* Storage.swift in Sources */ = {isa = PBXBuildFile; fileRef = 8D7823982B86255B00E63423 /* Storage.swift */; };
		8D78239C2B86280200E63423 /* CalendarImport.swift in Sources */ = {isa = PBXBuildFile; fileRef = 8D78239B2B86280200E63423 /* CalendarImport.swift */; };
		8D78239D2B86280200E63423 /* CalendarImport.swift in Sources */ = {isa = PBXBuildFile; fileRef = 8D78239B2B86280200E63423 /* CalendarImport.swift */; };
		8D78239F2B86280E00E63423 /* ContactImport.swift in Sources */ = {isa = PBXBuildFile; fileRef = 8D78239E2B86280E00E63423 /* ContactImport.swift */; };
		8D7823A02B86280E00E63423 /* ContactImport.swift in Sources */ = {isa = PBXBuildFile; fileRef = 8D78239E2B86280E00E63423 /* ContactImport.swift */; };
		8D7823A22B86281F00E63423 /* TextImport.swift in Sources */ = {isa = PBXBuildFile; fileRef = 8D7823A12B86281F00E63423 /* TextImport.swift */; };
		8D7823A32B86281F00E63423 /* TextImport.swift in Sources */ = {isa = PBXBuildFile; fileRef = 8D7823A12B86281F00E63423 /* TextImport.swift */; };
		8D7823B02B863C3800E63423 /* EventScreen.swift in Sources */ = {isa = PBXBuildFile; fileRef = 8D7823AF2B863C3800E63423 /* EventScreen.swift */; };
		8D7823B42B863C5100E63423 /* EventCell.swift in Sources */ = {isa = PBXBuildFile; fileRef = 8D7823B22B863C5100E63423 /* EventCell.swift */; };
		8D7823B52B863C5100E63423 /* EventCell.swift in Sources */ = {isa = PBXBuildFile; fileRef = 8D7823B22B863C5100E63423 /* EventCell.swift */; };
		8D7823B62B863C5100E63423 /* EventCell.xib in Resources */ = {isa = PBXBuildFile; fileRef = 8D7823B32B863C5100E63423 /* EventCell.xib */; };
		8D7823B72B863C5100E63423 /* EventCell.xib in Resources */ = {isa = PBXBuildFile; fileRef = 8D7823B32B863C5100E63423 /* EventCell.xib */; };
		8D9397D62B88BF2C00040031 /* EditEventScreen.swift in Sources */ = {isa = PBXBuildFile; fileRef = 8D9397D52B88BF2C00040031 /* EditEventScreen.swift */; };
/* End PBXBuildFile section */

/* Begin PBXContainerItemProxy section */
		8D1242402B7D267D00ED016E /* PBXContainerItemProxy */ = {
			isa = PBXContainerItemProxy;
			containerPortal = 8D12421D2B7D267B00ED016E /* Project object */;
			proxyType = 1;
			remoteGlobalIDString = 8D1242242B7D267B00ED016E;
			remoteInfo = "AI Birthday calendar & remind";
		};
		8D12424A2B7D267D00ED016E /* PBXContainerItemProxy */ = {
			isa = PBXContainerItemProxy;
			containerPortal = 8D12421D2B7D267B00ED016E /* Project object */;
			proxyType = 1;
			remoteGlobalIDString = 8D1242242B7D267B00ED016E;
			remoteInfo = "AI Birthday calendar & remind";
		};
/* End PBXContainerItemProxy section */

/* Begin PBXFileReference section */
		8D09EC8E2B8C604E00A10437 /* RateAppProvider.swift */ = {isa = PBXFileReference; lastKnownFileType = sourcecode.swift; path = RateAppProvider.swift; sourceTree = "<group>"; };
		8D09EC912B8C720400A10437 /* SettingsScreen.swift */ = {isa = PBXFileReference; lastKnownFileType = sourcecode.swift; path = SettingsScreen.swift; sourceTree = "<group>"; };
		8D09EC942B8DF8B800A10437 /* PermissionProvider.swift */ = {isa = PBXFileReference; lastKnownFileType = sourcecode.swift; path = PermissionProvider.swift; sourceTree = "<group>"; };
		8D09EC962B8E09AC00A10437 /* NotificationSettingsScreen.swift */ = {isa = PBXFileReference; lastKnownFileType = sourcecode.swift; path = NotificationSettingsScreen.swift; sourceTree = "<group>"; };
		8D09EC992B8E505400A10437 /* DaysBeforePulldownButton.swift */ = {isa = PBXFileReference; lastKnownFileType = sourcecode.swift; path = DaysBeforePulldownButton.swift; sourceTree = "<group>"; };
		8D09EC9B2B8E537600A10437 /* ExpiredEventUpdater.swift */ = {isa = PBXFileReference; lastKnownFileType = sourcecode.swift; path = ExpiredEventUpdater.swift; sourceTree = "<group>"; };
		8D1242252B7D267B00ED016E /* AI Birthday calendar & remind.app */ = {isa = PBXFileReference; explicitFileType = wrapper.application; includeInIndex = 0; path = "AI Birthday calendar & remind.app"; sourceTree = BUILT_PRODUCTS_DIR; };
		8D1242282B7D267B00ED016E /* AppDelegate.swift */ = {isa = PBXFileReference; lastKnownFileType = sourcecode.swift; path = AppDelegate.swift; sourceTree = "<group>"; };
		8D12422A2B7D267B00ED016E /* SceneDelegate.swift */ = {isa = PBXFileReference; lastKnownFileType = sourcecode.swift; path = SceneDelegate.swift; sourceTree = "<group>"; };
		8D12422F2B7D267B00ED016E /* Base */ = {isa = PBXFileReference; lastKnownFileType = file.storyboard; name = Base; path = Base.lproj/Main.storyboard; sourceTree = "<group>"; };
		8D1242322B7D267B00ED016E /* AI_Birthday_calendar___remind.xcdatamodel */ = {isa = PBXFileReference; lastKnownFileType = wrapper.xcdatamodel; path = "AI_Birthday_calendar___remind.xcdatamodel"; sourceTree = "<group>"; };
		8D1242342B7D267D00ED016E /* Assets.xcassets */ = {isa = PBXFileReference; lastKnownFileType = folder.assetcatalog; path = Assets.xcassets; sourceTree = "<group>"; };
		8D1242372B7D267D00ED016E /* Base */ = {isa = PBXFileReference; lastKnownFileType = file.storyboard; name = Base; path = Base.lproj/LaunchScreen.storyboard; sourceTree = "<group>"; };
		8D1242392B7D267D00ED016E /* AI_Birthday_calendar___remind.entitlements */ = {isa = PBXFileReference; lastKnownFileType = text.plist.entitlements; path = "AI_Birthday_calendar___remind.entitlements"; sourceTree = "<group>"; };
		8D12423A2B7D267D00ED016E /* Info.plist */ = {isa = PBXFileReference; lastKnownFileType = text.plist.xml; path = Info.plist; sourceTree = "<group>"; };
		8D12423F2B7D267D00ED016E /* AI Birthday calendar & remindTests.xctest */ = {isa = PBXFileReference; explicitFileType = wrapper.cfbundle; includeInIndex = 0; path = "AI Birthday calendar & remindTests.xctest"; sourceTree = BUILT_PRODUCTS_DIR; };
		8D1242432B7D267D00ED016E /* AI_Birthday_calendar___remindTests.swift */ = {isa = PBXFileReference; lastKnownFileType = sourcecode.swift; path = "AI_Birthday_calendar___remindTests.swift"; sourceTree = "<group>"; };
		8D1242492B7D267D00ED016E /* AI Birthday calendar & remindUITests.xctest */ = {isa = PBXFileReference; explicitFileType = wrapper.cfbundle; includeInIndex = 0; path = "AI Birthday calendar & remindUITests.xctest"; sourceTree = BUILT_PRODUCTS_DIR; };
		8D12424D2B7D267D00ED016E /* AI_Birthday_calendar___remindUITests.swift */ = {isa = PBXFileReference; lastKnownFileType = sourcecode.swift; path = "AI_Birthday_calendar___remindUITests.swift"; sourceTree = "<group>"; };
		8D12424F2B7D267D00ED016E /* AI_Birthday_calendar___remindUITestsLaunchTests.swift */ = {isa = PBXFileReference; lastKnownFileType = sourcecode.swift; path = "AI_Birthday_calendar___remindUITestsLaunchTests.swift"; sourceTree = "<group>"; };
		8D12425C2B7D285500ED016E /* .gitignore */ = {isa = PBXFileReference; lastKnownFileType = text; path = .gitignore; sourceTree = "<group>"; };
		8D193E4D2B8E739200C4D397 /* NotificationServiceProvider.swift */ = {isa = PBXFileReference; lastKnownFileType = sourcecode.swift; path = NotificationServiceProvider.swift; sourceTree = "<group>"; };
		8D28D7D82B873EA8006D14FA /* DateFormatter.swift */ = {isa = PBXFileReference; lastKnownFileType = sourcecode.swift; path = DateFormatter.swift; sourceTree = "<group>"; };
		8D28D7DB2B8768A2006D14FA /* AddEventCell.swift */ = {isa = PBXFileReference; lastKnownFileType = sourcecode.swift; path = AddEventCell.swift; sourceTree = "<group>"; };
		8D28D7DC2B8768A2006D14FA /* AddEventCell.xib */ = {isa = PBXFileReference; lastKnownFileType = file.xib; path = AddEventCell.xib; sourceTree = "<group>"; };
		8D28D7DF2B8768BD006D14FA /* AddEventScreen.swift */ = {isa = PBXFileReference; lastKnownFileType = sourcecode.swift; path = AddEventScreen.swift; sourceTree = "<group>"; };
		8D7823822B8397D600E63423 /* Enumerations.swift */ = {isa = PBXFileReference; lastKnownFileType = sourcecode.swift; path = Enumerations.swift; sourceTree = "<group>"; };
		8D7823852B84AC1500E63423 /* MainEvent.swift */ = {isa = PBXFileReference; lastKnownFileType = sourcecode.swift; path = MainEvent.swift; sourceTree = "<group>"; };
		8D7823882B84AE4D00E63423 /* GeneratedMessage.swift */ = {isa = PBXFileReference; lastKnownFileType = sourcecode.swift; path = GeneratedMessage.swift; sourceTree = "<group>"; };
		8D78238E2B84B13A00E63423 /* JsonCoders.swift */ = {isa = PBXFileReference; lastKnownFileType = sourcecode.swift; path = JsonCoders.swift; sourceTree = "<group>"; };
		8D7823922B8623E300E63423 /* StorageConfiguration.swift */ = {isa = PBXFileReference; lastKnownFileType = sourcecode.swift; path = StorageConfiguration.swift; sourceTree = "<group>"; };
		8D7823952B8623EB00E63423 /* AppConfiguration.swift */ = {isa = PBXFileReference; lastKnownFileType = sourcecode.swift; path = AppConfiguration.swift; sourceTree = "<group>"; };
		8D7823982B86255B00E63423 /* Storage.swift */ = {isa = PBXFileReference; lastKnownFileType = sourcecode.swift; path = Storage.swift; sourceTree = "<group>"; };
		8D78239B2B86280200E63423 /* CalendarImport.swift */ = {isa = PBXFileReference; lastKnownFileType = sourcecode.swift; path = CalendarImport.swift; sourceTree = "<group>"; };
		8D78239E2B86280E00E63423 /* ContactImport.swift */ = {isa = PBXFileReference; lastKnownFileType = sourcecode.swift; path = ContactImport.swift; sourceTree = "<group>"; };
		8D7823A12B86281F00E63423 /* TextImport.swift */ = {isa = PBXFileReference; lastKnownFileType = sourcecode.swift; path = TextImport.swift; sourceTree = "<group>"; };
		8D7823AF2B863C3800E63423 /* EventScreen.swift */ = {isa = PBXFileReference; lastKnownFileType = sourcecode.swift; path = EventScreen.swift; sourceTree = "<group>"; };
		8D7823B22B863C5100E63423 /* EventCell.swift */ = {isa = PBXFileReference; lastKnownFileType = sourcecode.swift; path = EventCell.swift; sourceTree = "<group>"; };
		8D7823B32B863C5100E63423 /* EventCell.xib */ = {isa = PBXFileReference; lastKnownFileType = file.xib; path = EventCell.xib; sourceTree = "<group>"; };
		8D9397D52B88BF2C00040031 /* EditEventScreen.swift */ = {isa = PBXFileReference; lastKnownFileType = sourcecode.swift; path = EditEventScreen.swift; sourceTree = "<group>"; };
/* End PBXFileReference section */

/* Begin PBXFrameworksBuildPhase section */
		8D1242222B7D267B00ED016E /* Frameworks */ = {
			isa = PBXFrameworksBuildPhase;
			buildActionMask = 2147483647;
			files = (
			);
			runOnlyForDeploymentPostprocessing = 0;
		};
		8D12423C2B7D267D00ED016E /* Frameworks */ = {
			isa = PBXFrameworksBuildPhase;
			buildActionMask = 2147483647;
			files = (
			);
			runOnlyForDeploymentPostprocessing = 0;
		};
		8D1242462B7D267D00ED016E /* Frameworks */ = {
			isa = PBXFrameworksBuildPhase;
			buildActionMask = 2147483647;
			files = (
			);
			runOnlyForDeploymentPostprocessing = 0;
		};
/* End PBXFrameworksBuildPhase section */

/* Begin PBXGroup section */
		8D09EC902B8C71DE00A10437 /* SettingsScreen */ = {
			isa = PBXGroup;
			children = (
				8D09EC912B8C720400A10437 /* SettingsScreen.swift */,
				8D09EC962B8E09AC00A10437 /* NotificationSettingsScreen.swift */,
				8D09EC992B8E505400A10437 /* DaysBeforePulldownButton.swift */,
			);
			path = SettingsScreen;
			sourceTree = "<group>";
		};
		8D09EC932B8DF8AA00A10437 /* Permissions */ = {
			isa = PBXGroup;
			children = (
				8D09EC942B8DF8B800A10437 /* PermissionProvider.swift */,
			);
			path = Permissions;
			sourceTree = "<group>";
		};
		8D12421C2B7D267B00ED016E = {
			isa = PBXGroup;
			children = (
				8D1242272B7D267B00ED016E /* AI Birthday calendar & remind */,
				8D1242422B7D267D00ED016E /* AI Birthday calendar & remindTests */,
				8D12424C2B7D267D00ED016E /* AI Birthday calendar & remindUITests */,
				8D1242262B7D267B00ED016E /* Products */,
			);
			sourceTree = "<group>";
		};
		8D1242262B7D267B00ED016E /* Products */ = {
			isa = PBXGroup;
			children = (
				8D1242252B7D267B00ED016E /* AI Birthday calendar & remind.app */,
				8D12423F2B7D267D00ED016E /* AI Birthday calendar & remindTests.xctest */,
				8D1242492B7D267D00ED016E /* AI Birthday calendar & remindUITests.xctest */,
			);
			name = Products;
			sourceTree = "<group>";
		};
		8D1242272B7D267B00ED016E /* AI Birthday calendar & remind */ = {
			isa = PBXGroup;
			children = (
				8D09EC932B8DF8AA00A10437 /* Permissions */,
				8D7823A62B86285800E63423 /* BLogic */,
				8D7823912B8623C700E63423 /* Configuration */,
				8D1242642B7D28DD00ED016E /* Helpers */,
				8D1242632B7D28D200ED016E /* Coders */,
				8D1242622B7D28C900ED016E /* Controllers */,
				8D1242612B7D28B600ED016E /* Network */,
				8D1242602B7D28AF00ED016E /* Storage */,
				8D12425F2B7D28A700ED016E /* Model */,
				8D1242282B7D267B00ED016E /* AppDelegate.swift */,
				8D12422A2B7D267B00ED016E /* SceneDelegate.swift */,
				8D12422E2B7D267B00ED016E /* Main.storyboard */,
				8D1242342B7D267D00ED016E /* Assets.xcassets */,
				8D1242362B7D267D00ED016E /* LaunchScreen.storyboard */,
				8D1242392B7D267D00ED016E /* AI_Birthday_calendar___remind.entitlements */,
				8D12423A2B7D267D00ED016E /* Info.plist */,
				8D1242312B7D267B00ED016E /* AI_Birthday_calendar___remind.xcdatamodeld */,
				8D12425C2B7D285500ED016E /* .gitignore */,
			);
			path = "AI Birthday calendar & remind";
			sourceTree = "<group>";
		};
		8D1242422B7D267D00ED016E /* AI Birthday calendar & remindTests */ = {
			isa = PBXGroup;
			children = (
				8D1242432B7D267D00ED016E /* AI_Birthday_calendar___remindTests.swift */,
			);
			path = "AI Birthday calendar & remindTests";
			sourceTree = "<group>";
		};
		8D12424C2B7D267D00ED016E /* AI Birthday calendar & remindUITests */ = {
			isa = PBXGroup;
			children = (
				8D12424D2B7D267D00ED016E /* AI_Birthday_calendar___remindUITests.swift */,
				8D12424F2B7D267D00ED016E /* AI_Birthday_calendar___remindUITestsLaunchTests.swift */,
			);
			path = "AI Birthday calendar & remindUITests";
			sourceTree = "<group>";
		};
		8D12425F2B7D28A700ED016E /* Model */ = {
			isa = PBXGroup;
			children = (
				8D7823822B8397D600E63423 /* Enumerations.swift */,
				8D7823852B84AC1500E63423 /* MainEvent.swift */,
				8D7823882B84AE4D00E63423 /* GeneratedMessage.swift */,
			);
			path = Model;
			sourceTree = "<group>";
		};
		8D1242602B7D28AF00ED016E /* Storage */ = {
			isa = PBXGroup;
			children = (
				8D7823982B86255B00E63423 /* Storage.swift */,
			);
			path = Storage;
			sourceTree = "<group>";
		};
		8D1242612B7D28B600ED016E /* Network */ = {
			isa = PBXGroup;
			children = (
			);
			path = Network;
			sourceTree = "<group>";
		};
		8D1242622B7D28C900ED016E /* Controllers */ = {
			isa = PBXGroup;
			children = (
				8D09EC902B8C71DE00A10437 /* SettingsScreen */,
				8D9397D42B88BEEC00040031 /* EditEventScreen */,
				8D28D7DA2B87687B006D14FA /* AddEventScreen */,
				8D7823AE2B863C0800E63423 /* EventScreen */,
			);
			path = Controllers;
			sourceTree = "<group>";
		};
		8D1242632B7D28D200ED016E /* Coders */ = {
			isa = PBXGroup;
			children = (
				8D78238E2B84B13A00E63423 /* JsonCoders.swift */,
			);
			path = Coders;
			sourceTree = "<group>";
		};
		8D1242642B7D28DD00ED016E /* Helpers */ = {
			isa = PBXGroup;
			children = (
				8D28D7D82B873EA8006D14FA /* DateFormatter.swift */,
				8D09EC9B2B8E537600A10437 /* ExpiredEventUpdater.swift */,
			);
			path = Helpers;
			sourceTree = "<group>";
		};
		8D1242652B7D291700ED016E /* Subscription */ = {
			isa = PBXGroup;
			children = (
			);
			path = Subscription;
			sourceTree = "<group>";
		};
		8D28D7DA2B87687B006D14FA /* AddEventScreen */ = {
			isa = PBXGroup;
			children = (
				8D28D7DB2B8768A2006D14FA /* AddEventCell.swift */,
				8D28D7DC2B8768A2006D14FA /* AddEventCell.xib */,
				8D28D7DF2B8768BD006D14FA /* AddEventScreen.swift */,
			);
			path = AddEventScreen;
			sourceTree = "<group>";
		};
		8D7823912B8623C700E63423 /* Configuration */ = {
			isa = PBXGroup;
			children = (
				8D7823922B8623E300E63423 /* StorageConfiguration.swift */,
				8D7823952B8623EB00E63423 /* AppConfiguration.swift */,
			);
			path = Configuration;
			sourceTree = "<group>";
		};
		8D7823A42B86282600E63423 /* Import */ = {
			isa = PBXGroup;
			children = (
				8D78239B2B86280200E63423 /* CalendarImport.swift */,
				8D78239E2B86280E00E63423 /* ContactImport.swift */,
				8D7823A12B86281F00E63423 /* TextImport.swift */,
			);
			path = Import;
			sourceTree = "<group>";
		};
		8D7823A52B86283200E63423 /* Export */ = {
			isa = PBXGroup;
			children = (
			);
			path = Export;
			sourceTree = "<group>";
		};
		8D7823A62B86285800E63423 /* BLogic */ = {
			isa = PBXGroup;
			children = (
				8D7823AA2B8628A600E63423 /* Reminders */,
				8D7823A92B86289600E63423 /* Notifications */,
				8D1242652B7D291700ED016E /* Subscription */,
				8D7823A72B86287F00E63423 /* AppRate */,
				8D7823A52B86283200E63423 /* Export */,
				8D7823A42B86282600E63423 /* Import */,
			);
			path = BLogic;
			sourceTree = "<group>";
		};
		8D7823A72B86287F00E63423 /* AppRate */ = {
			isa = PBXGroup;
			children = (
				8D09EC8E2B8C604E00A10437 /* RateAppProvider.swift */,
			);
			path = AppRate;
			sourceTree = "<group>";
		};
		8D7823A92B86289600E63423 /* Notifications */ = {
			isa = PBXGroup;
			children = (
				8D193E4D2B8E739200C4D397 /* NotificationServiceProvider.swift */,
			);
			path = Notifications;
			sourceTree = "<group>";
		};
		8D7823AA2B8628A600E63423 /* Reminders */ = {
			isa = PBXGroup;
			children = (
			);
			path = Reminders;
			sourceTree = "<group>";
		};
		8D7823AE2B863C0800E63423 /* EventScreen */ = {
			isa = PBXGroup;
			children = (
				8D7823AF2B863C3800E63423 /* EventScreen.swift */,
				8D7823B22B863C5100E63423 /* EventCell.swift */,
				8D7823B32B863C5100E63423 /* EventCell.xib */,
			);
			path = EventScreen;
			sourceTree = "<group>";
		};
		8D9397D42B88BEEC00040031 /* EditEventScreen */ = {
			isa = PBXGroup;
			children = (
				8D9397D52B88BF2C00040031 /* EditEventScreen.swift */,
			);
			path = EditEventScreen;
			sourceTree = "<group>";
		};
/* End PBXGroup section */

/* Begin PBXNativeTarget section */
		8D1242242B7D267B00ED016E /* AI Birthday calendar & remind */ = {
			isa = PBXNativeTarget;
			buildConfigurationList = 8D1242532B7D267D00ED016E /* Build configuration list for PBXNativeTarget "AI Birthday calendar & remind" */;
			buildPhases = (
				8D1242212B7D267B00ED016E /* Sources */,
				8D1242222B7D267B00ED016E /* Frameworks */,
				8D1242232B7D267B00ED016E /* Resources */,
			);
			buildRules = (
			);
			dependencies = (
			);
			name = "AI Birthday calendar & remind";
			productName = "AI Birthday calendar & remind";
			productReference = 8D1242252B7D267B00ED016E /* AI Birthday calendar & remind.app */;
			productType = "com.apple.product-type.application";
		};
		8D12423E2B7D267D00ED016E /* AI Birthday calendar & remindTests */ = {
			isa = PBXNativeTarget;
			buildConfigurationList = 8D1242562B7D267D00ED016E /* Build configuration list for PBXNativeTarget "AI Birthday calendar & remindTests" */;
			buildPhases = (
				8D12423B2B7D267D00ED016E /* Sources */,
				8D12423C2B7D267D00ED016E /* Frameworks */,
				8D12423D2B7D267D00ED016E /* Resources */,
			);
			buildRules = (
			);
			dependencies = (
				8D1242412B7D267D00ED016E /* PBXTargetDependency */,
			);
			name = "AI Birthday calendar & remindTests";
			productName = "AI Birthday calendar & remindTests";
			productReference = 8D12423F2B7D267D00ED016E /* AI Birthday calendar & remindTests.xctest */;
			productType = "com.apple.product-type.bundle.unit-test";
		};
		8D1242482B7D267D00ED016E /* AI Birthday calendar & remindUITests */ = {
			isa = PBXNativeTarget;
			buildConfigurationList = 8D1242592B7D267D00ED016E /* Build configuration list for PBXNativeTarget "AI Birthday calendar & remindUITests" */;
			buildPhases = (
				8D1242452B7D267D00ED016E /* Sources */,
				8D1242462B7D267D00ED016E /* Frameworks */,
				8D1242472B7D267D00ED016E /* Resources */,
			);
			buildRules = (
			);
			dependencies = (
				8D12424B2B7D267D00ED016E /* PBXTargetDependency */,
			);
			name = "AI Birthday calendar & remindUITests";
			productName = "AI Birthday calendar & remindUITests";
			productReference = 8D1242492B7D267D00ED016E /* AI Birthday calendar & remindUITests.xctest */;
			productType = "com.apple.product-type.bundle.ui-testing";
		};
/* End PBXNativeTarget section */

/* Begin PBXProject section */
		8D12421D2B7D267B00ED016E /* Project object */ = {
			isa = PBXProject;
			attributes = {
				BuildIndependentTargetsInParallel = 1;
				LastSwiftUpdateCheck = 1520;
				LastUpgradeCheck = 1520;
				TargetAttributes = {
					8D1242242B7D267B00ED016E = {
						CreatedOnToolsVersion = 15.2;
					};
					8D12423E2B7D267D00ED016E = {
						CreatedOnToolsVersion = 15.2;
						TestTargetID = 8D1242242B7D267B00ED016E;
					};
					8D1242482B7D267D00ED016E = {
						CreatedOnToolsVersion = 15.2;
						TestTargetID = 8D1242242B7D267B00ED016E;
					};
				};
			};
			buildConfigurationList = 8D1242202B7D267B00ED016E /* Build configuration list for PBXProject "AI Birthday calendar & remind" */;
			compatibilityVersion = "Xcode 14.0";
			developmentRegion = en;
			hasScannedForEncodings = 0;
			knownRegions = (
				en,
				Base,
			);
			mainGroup = 8D12421C2B7D267B00ED016E;
			productRefGroup = 8D1242262B7D267B00ED016E /* Products */;
			projectDirPath = "";
			projectRoot = "";
			targets = (
				8D1242242B7D267B00ED016E /* AI Birthday calendar & remind */,
				8D12423E2B7D267D00ED016E /* AI Birthday calendar & remindTests */,
				8D1242482B7D267D00ED016E /* AI Birthday calendar & remindUITests */,
			);
		};
/* End PBXProject section */

/* Begin PBXResourcesBuildPhase section */
		8D1242232B7D267B00ED016E /* Resources */ = {
			isa = PBXResourcesBuildPhase;
			buildActionMask = 2147483647;
			files = (
				8D12425D2B7D285500ED016E /* .gitignore in Resources */,
				8D1242382B7D267D00ED016E /* LaunchScreen.storyboard in Resources */,
				8D28D7DE2B8768A2006D14FA /* AddEventCell.xib in Resources */,
				8D1242352B7D267D00ED016E /* Assets.xcassets in Resources */,
				8D7823B62B863C5100E63423 /* EventCell.xib in Resources */,
				8D1242302B7D267B00ED016E /* Main.storyboard in Resources */,
			);
			runOnlyForDeploymentPostprocessing = 0;
		};
		8D12423D2B7D267D00ED016E /* Resources */ = {
			isa = PBXResourcesBuildPhase;
			buildActionMask = 2147483647;
			files = (
				8D7823B72B863C5100E63423 /* EventCell.xib in Resources */,
			);
			runOnlyForDeploymentPostprocessing = 0;
		};
		8D1242472B7D267D00ED016E /* Resources */ = {
			isa = PBXResourcesBuildPhase;
			buildActionMask = 2147483647;
			files = (
			);
			runOnlyForDeploymentPostprocessing = 0;
		};
/* End PBXResourcesBuildPhase section */

/* Begin PBXSourcesBuildPhase section */
		8D1242212B7D267B00ED016E /* Sources */ = {
			isa = PBXSourcesBuildPhase;
			buildActionMask = 2147483647;
			files = (
				8D28D7E02B8768BD006D14FA /* AddEventScreen.swift in Sources */,
				8D09EC922B8C720400A10437 /* SettingsScreen.swift in Sources */,
				8D9397D62B88BF2C00040031 /* EditEventScreen.swift in Sources */,
				8D28D7D92B873EA8006D14FA /* DateFormatter.swift in Sources */,
				8D1242292B7D267B00ED016E /* AppDelegate.swift in Sources */,
				8D78239C2B86280200E63423 /* CalendarImport.swift in Sources */,
				8D7823862B84AC1500E63423 /* MainEvent.swift in Sources */,
				8D7823962B8623EB00E63423 /* AppConfiguration.swift in Sources */,
				8D7823A22B86281F00E63423 /* TextImport.swift in Sources */,
				8D7823932B8623E300E63423 /* StorageConfiguration.swift in Sources */,
				8D78239F2B86280E00E63423 /* ContactImport.swift in Sources */,
				8D193E4E2B8E739200C4D397 /* NotificationServiceProvider.swift in Sources */,
				8D28D7DD2B8768A2006D14FA /* AddEventCell.swift in Sources */,
				8D12422B2B7D267B00ED016E /* SceneDelegate.swift in Sources */,
				8D09EC8F2B8C604E00A10437 /* RateAppProvider.swift in Sources */,
				8D7823892B84AE4D00E63423 /* GeneratedMessage.swift in Sources */,
				8D09EC9C2B8E537600A10437 /* ExpiredEventUpdater.swift in Sources */,
				8D09EC952B8DF8B800A10437 /* PermissionProvider.swift in Sources */,
				8D78238F2B84B13A00E63423 /* JsonCoders.swift in Sources */,
				8D1242332B7D267B00ED016E /* AI_Birthday_calendar___remind.xcdatamodeld in Sources */,
				8D7823B42B863C5100E63423 /* EventCell.swift in Sources */,
				8D7823832B8397D600E63423 /* Enumerations.swift in Sources */,
				8D7823B02B863C3800E63423 /* EventScreen.swift in Sources */,
				8D09EC972B8E09AC00A10437 /* NotificationSettingsScreen.swift in Sources */,
				8D09EC9A2B8E505400A10437 /* DaysBeforePulldownButton.swift in Sources */,
				8D7823992B86255B00E63423 /* Storage.swift in Sources */,
			);
			runOnlyForDeploymentPostprocessing = 0;
		};
		8D12423B2B7D267D00ED016E /* Sources */ = {
			isa = PBXSourcesBuildPhase;
			buildActionMask = 2147483647;
			files = (
				8D78239D2B86280200E63423 /* CalendarImport.swift in Sources */,
				8D7823872B84AC1500E63423 /* MainEvent.swift in Sources */,
				8D78238A2B84AE4D00E63423 /* GeneratedMessage.swift in Sources */,
				8D1242442B7D267D00ED016E /* AI_Birthday_calendar___remindTests.swift in Sources */,
				8D7823902B84B13A00E63423 /* JsonCoders.swift in Sources */,
				8D7823B52B863C5100E63423 /* EventCell.swift in Sources */,
				8D7823A02B86280E00E63423 /* ContactImport.swift in Sources */,
				8D7823942B8623E300E63423 /* StorageConfiguration.swift in Sources */,
				8D78239A2B86255B00E63423 /* Storage.swift in Sources */,
				8D09EC982B8E305F00A10437 /* DateFormatter.swift in Sources */,
				8D7823972B8623EB00E63423 /* AppConfiguration.swift in Sources */,
				8D7823842B8397D600E63423 /* Enumerations.swift in Sources */,
				8D7823A32B86281F00E63423 /* TextImport.swift in Sources */,
			);
			runOnlyForDeploymentPostprocessing = 0;
		};
		8D1242452B7D267D00ED016E /* Sources */ = {
			isa = PBXSourcesBuildPhase;
			buildActionMask = 2147483647;
			files = (
				8D1242502B7D267D00ED016E /* AI_Birthday_calendar___remindUITestsLaunchTests.swift in Sources */,
				8D12424E2B7D267D00ED016E /* AI_Birthday_calendar___remindUITests.swift in Sources */,
			);
			runOnlyForDeploymentPostprocessing = 0;
		};
/* End PBXSourcesBuildPhase section */

/* Begin PBXTargetDependency section */
		8D1242412B7D267D00ED016E /* PBXTargetDependency */ = {
			isa = PBXTargetDependency;
			target = 8D1242242B7D267B00ED016E /* AI Birthday calendar & remind */;
			targetProxy = 8D1242402B7D267D00ED016E /* PBXContainerItemProxy */;
		};
		8D12424B2B7D267D00ED016E /* PBXTargetDependency */ = {
			isa = PBXTargetDependency;
			target = 8D1242242B7D267B00ED016E /* AI Birthday calendar & remind */;
			targetProxy = 8D12424A2B7D267D00ED016E /* PBXContainerItemProxy */;
		};
/* End PBXTargetDependency section */

/* Begin PBXVariantGroup section */
		8D12422E2B7D267B00ED016E /* Main.storyboard */ = {
			isa = PBXVariantGroup;
			children = (
				8D12422F2B7D267B00ED016E /* Base */,
			);
			name = Main.storyboard;
			sourceTree = "<group>";
		};
		8D1242362B7D267D00ED016E /* LaunchScreen.storyboard */ = {
			isa = PBXVariantGroup;
			children = (
				8D1242372B7D267D00ED016E /* Base */,
			);
			name = LaunchScreen.storyboard;
			sourceTree = "<group>";
		};
/* End PBXVariantGroup section */

/* Begin XCBuildConfiguration section */
		8D1242512B7D267D00ED016E /* Debug */ = {
			isa = XCBuildConfiguration;
			buildSettings = {
				ALWAYS_SEARCH_USER_PATHS = NO;
				ASSETCATALOG_COMPILER_GENERATE_SWIFT_ASSET_SYMBOL_EXTENSIONS = YES;
				CLANG_ANALYZER_NONNULL = YES;
				CLANG_ANALYZER_NUMBER_OBJECT_CONVERSION = YES_AGGRESSIVE;
				CLANG_CXX_LANGUAGE_STANDARD = "gnu++20";
				CLANG_ENABLE_MODULES = YES;
				CLANG_ENABLE_OBJC_ARC = YES;
				CLANG_ENABLE_OBJC_WEAK = YES;
				CLANG_WARN_BLOCK_CAPTURE_AUTORELEASING = YES;
				CLANG_WARN_BOOL_CONVERSION = YES;
				CLANG_WARN_COMMA = YES;
				CLANG_WARN_CONSTANT_CONVERSION = YES;
				CLANG_WARN_DEPRECATED_OBJC_IMPLEMENTATIONS = YES;
				CLANG_WARN_DIRECT_OBJC_ISA_USAGE = YES_ERROR;
				CLANG_WARN_DOCUMENTATION_COMMENTS = YES;
				CLANG_WARN_EMPTY_BODY = YES;
				CLANG_WARN_ENUM_CONVERSION = YES;
				CLANG_WARN_INFINITE_RECURSION = YES;
				CLANG_WARN_INT_CONVERSION = YES;
				CLANG_WARN_NON_LITERAL_NULL_CONVERSION = YES;
				CLANG_WARN_OBJC_IMPLICIT_RETAIN_SELF = YES;
				CLANG_WARN_OBJC_LITERAL_CONVERSION = YES;
				CLANG_WARN_OBJC_ROOT_CLASS = YES_ERROR;
				CLANG_WARN_QUOTED_INCLUDE_IN_FRAMEWORK_HEADER = YES;
				CLANG_WARN_RANGE_LOOP_ANALYSIS = YES;
				CLANG_WARN_STRICT_PROTOTYPES = YES;
				CLANG_WARN_SUSPICIOUS_MOVE = YES;
				CLANG_WARN_UNGUARDED_AVAILABILITY = YES_AGGRESSIVE;
				CLANG_WARN_UNREACHABLE_CODE = YES;
				CLANG_WARN__DUPLICATE_METHOD_MATCH = YES;
				COPY_PHASE_STRIP = NO;
				DEBUG_INFORMATION_FORMAT = dwarf;
				ENABLE_STRICT_OBJC_MSGSEND = YES;
				ENABLE_TESTABILITY = YES;
				ENABLE_USER_SCRIPT_SANDBOXING = YES;
				GCC_C_LANGUAGE_STANDARD = gnu17;
				GCC_DYNAMIC_NO_PIC = NO;
				GCC_NO_COMMON_BLOCKS = YES;
				GCC_OPTIMIZATION_LEVEL = 0;
				GCC_PREPROCESSOR_DEFINITIONS = (
					"DEBUG=1",
					"$(inherited)",
				);
				GCC_WARN_64_TO_32_BIT_CONVERSION = YES;
				GCC_WARN_ABOUT_RETURN_TYPE = YES_ERROR;
				GCC_WARN_UNDECLARED_SELECTOR = YES;
				GCC_WARN_UNINITIALIZED_AUTOS = YES_AGGRESSIVE;
				GCC_WARN_UNUSED_FUNCTION = YES;
				GCC_WARN_UNUSED_VARIABLE = YES;
				IPHONEOS_DEPLOYMENT_TARGET = 17.2;
				LOCALIZATION_PREFERS_STRING_CATALOGS = YES;
				MTL_ENABLE_DEBUG_INFO = INCLUDE_SOURCE;
				MTL_FAST_MATH = YES;
				ONLY_ACTIVE_ARCH = YES;
				SDKROOT = iphoneos;
				SWIFT_ACTIVE_COMPILATION_CONDITIONS = "DEBUG $(inherited)";
				SWIFT_OPTIMIZATION_LEVEL = "-Onone";
			};
			name = Debug;
		};
		8D1242522B7D267D00ED016E /* Release */ = {
			isa = XCBuildConfiguration;
			buildSettings = {
				ALWAYS_SEARCH_USER_PATHS = NO;
				ASSETCATALOG_COMPILER_GENERATE_SWIFT_ASSET_SYMBOL_EXTENSIONS = YES;
				CLANG_ANALYZER_NONNULL = YES;
				CLANG_ANALYZER_NUMBER_OBJECT_CONVERSION = YES_AGGRESSIVE;
				CLANG_CXX_LANGUAGE_STANDARD = "gnu++20";
				CLANG_ENABLE_MODULES = YES;
				CLANG_ENABLE_OBJC_ARC = YES;
				CLANG_ENABLE_OBJC_WEAK = YES;
				CLANG_WARN_BLOCK_CAPTURE_AUTORELEASING = YES;
				CLANG_WARN_BOOL_CONVERSION = YES;
				CLANG_WARN_COMMA = YES;
				CLANG_WARN_CONSTANT_CONVERSION = YES;
				CLANG_WARN_DEPRECATED_OBJC_IMPLEMENTATIONS = YES;
				CLANG_WARN_DIRECT_OBJC_ISA_USAGE = YES_ERROR;
				CLANG_WARN_DOCUMENTATION_COMMENTS = YES;
				CLANG_WARN_EMPTY_BODY = YES;
				CLANG_WARN_ENUM_CONVERSION = YES;
				CLANG_WARN_INFINITE_RECURSION = YES;
				CLANG_WARN_INT_CONVERSION = YES;
				CLANG_WARN_NON_LITERAL_NULL_CONVERSION = YES;
				CLANG_WARN_OBJC_IMPLICIT_RETAIN_SELF = YES;
				CLANG_WARN_OBJC_LITERAL_CONVERSION = YES;
				CLANG_WARN_OBJC_ROOT_CLASS = YES_ERROR;
				CLANG_WARN_QUOTED_INCLUDE_IN_FRAMEWORK_HEADER = YES;
				CLANG_WARN_RANGE_LOOP_ANALYSIS = YES;
				CLANG_WARN_STRICT_PROTOTYPES = YES;
				CLANG_WARN_SUSPICIOUS_MOVE = YES;
				CLANG_WARN_UNGUARDED_AVAILABILITY = YES_AGGRESSIVE;
				CLANG_WARN_UNREACHABLE_CODE = YES;
				CLANG_WARN__DUPLICATE_METHOD_MATCH = YES;
				COPY_PHASE_STRIP = NO;
				DEBUG_INFORMATION_FORMAT = "dwarf-with-dsym";
				ENABLE_NS_ASSERTIONS = NO;
				ENABLE_STRICT_OBJC_MSGSEND = YES;
				ENABLE_USER_SCRIPT_SANDBOXING = YES;
				GCC_C_LANGUAGE_STANDARD = gnu17;
				GCC_NO_COMMON_BLOCKS = YES;
				GCC_WARN_64_TO_32_BIT_CONVERSION = YES;
				GCC_WARN_ABOUT_RETURN_TYPE = YES_ERROR;
				GCC_WARN_UNDECLARED_SELECTOR = YES;
				GCC_WARN_UNINITIALIZED_AUTOS = YES_AGGRESSIVE;
				GCC_WARN_UNUSED_FUNCTION = YES;
				GCC_WARN_UNUSED_VARIABLE = YES;
				IPHONEOS_DEPLOYMENT_TARGET = 17.2;
				LOCALIZATION_PREFERS_STRING_CATALOGS = YES;
				MTL_ENABLE_DEBUG_INFO = NO;
				MTL_FAST_MATH = YES;
				SDKROOT = iphoneos;
				SWIFT_COMPILATION_MODE = wholemodule;
				VALIDATE_PRODUCT = YES;
			};
			name = Release;
		};
		8D1242542B7D267D00ED016E /* Debug */ = {
			isa = XCBuildConfiguration;
			buildSettings = {
				ASSETCATALOG_COMPILER_APPICON_NAME = AppIcon;
				ASSETCATALOG_COMPILER_GLOBAL_ACCENT_COLOR_NAME = AccentColor;
				CODE_SIGN_ENTITLEMENTS = "AI Birthday calendar & remind/AI_Birthday_calendar___remind.entitlements";
				CODE_SIGN_STYLE = Automatic;
				CURRENT_PROJECT_VERSION = 1;
				DEVELOPMENT_TEAM = 8HZT3TR2ZJ;
				GENERATE_INFOPLIST_FILE = YES;
				INFOPLIST_FILE = "AI Birthday calendar & remind/Info.plist";
				INFOPLIST_KEY_UIApplicationSupportsIndirectInputEvents = YES;
				INFOPLIST_KEY_UILaunchStoryboardName = LaunchScreen;
				INFOPLIST_KEY_UIMainStoryboardFile = Main;
				INFOPLIST_KEY_UISupportedInterfaceOrientations_iPad = "UIInterfaceOrientationPortrait UIInterfaceOrientationPortraitUpsideDown UIInterfaceOrientationLandscapeLeft UIInterfaceOrientationLandscapeRight";
				INFOPLIST_KEY_UISupportedInterfaceOrientations_iPhone = "UIInterfaceOrientationPortrait UIInterfaceOrientationLandscapeLeft UIInterfaceOrientationLandscapeRight";
				IPHONEOS_DEPLOYMENT_TARGET = 15.0;
				LD_RUNPATH_SEARCH_PATHS = (
					"$(inherited)",
					"@executable_path/Frameworks",
				);
				MARKETING_VERSION = 1.0;
				PRODUCT_BUNDLE_IDENTIFIER = "Wellbeing-Vantage.AI-Birthday-calendar---remind";
				PRODUCT_NAME = "$(TARGET_NAME)";
				SWIFT_EMIT_LOC_STRINGS = YES;
				SWIFT_VERSION = 5.0;
				TARGETED_DEVICE_FAMILY = "1,2";
			};
			name = Debug;
		};
		8D1242552B7D267D00ED016E /* Release */ = {
			isa = XCBuildConfiguration;
			buildSettings = {
				ASSETCATALOG_COMPILER_APPICON_NAME = AppIcon;
				ASSETCATALOG_COMPILER_GLOBAL_ACCENT_COLOR_NAME = AccentColor;
				CODE_SIGN_ENTITLEMENTS = "AI Birthday calendar & remind/AI_Birthday_calendar___remind.entitlements";
				CODE_SIGN_STYLE = Automatic;
				CURRENT_PROJECT_VERSION = 1;
				DEVELOPMENT_TEAM = 8HZT3TR2ZJ;
				GENERATE_INFOPLIST_FILE = YES;
				INFOPLIST_FILE = "AI Birthday calendar & remind/Info.plist";
				INFOPLIST_KEY_UIApplicationSupportsIndirectInputEvents = YES;
				INFOPLIST_KEY_UILaunchStoryboardName = LaunchScreen;
				INFOPLIST_KEY_UIMainStoryboardFile = Main;
				INFOPLIST_KEY_UISupportedInterfaceOrientations_iPad = "UIInterfaceOrientationPortrait UIInterfaceOrientationPortraitUpsideDown UIInterfaceOrientationLandscapeLeft UIInterfaceOrientationLandscapeRight";
				INFOPLIST_KEY_UISupportedInterfaceOrientations_iPhone = "UIInterfaceOrientationPortrait UIInterfaceOrientationLandscapeLeft UIInterfaceOrientationLandscapeRight";
				IPHONEOS_DEPLOYMENT_TARGET = 15.0;
				LD_RUNPATH_SEARCH_PATHS = (
					"$(inherited)",
					"@executable_path/Frameworks",
				);
				MARKETING_VERSION = 1.0;
				PRODUCT_BUNDLE_IDENTIFIER = "Wellbeing-Vantage.AI-Birthday-calendar---remind";
				PRODUCT_NAME = "$(TARGET_NAME)";
				SWIFT_EMIT_LOC_STRINGS = YES;
				SWIFT_VERSION = 5.0;
				TARGETED_DEVICE_FAMILY = "1,2";
			};
			name = Release;
		};
		8D1242572B7D267D00ED016E /* Debug */ = {
			isa = XCBuildConfiguration;
			buildSettings = {
				ALWAYS_EMBED_SWIFT_STANDARD_LIBRARIES = YES;
				BUNDLE_LOADER = "$(TEST_HOST)";
				CODE_SIGN_STYLE = Automatic;
				CURRENT_PROJECT_VERSION = 1;
				DEVELOPMENT_TEAM = 8HZT3TR2ZJ;
				GENERATE_INFOPLIST_FILE = YES;
				IPHONEOS_DEPLOYMENT_TARGET = 17.2;
				MARKETING_VERSION = 1.0;
				PRODUCT_BUNDLE_IDENTIFIER = "Wellbeing-Vantage.AI-Birthday-calendar---remindTests";
				PRODUCT_NAME = "$(TARGET_NAME)";
				SWIFT_EMIT_LOC_STRINGS = NO;
				SWIFT_VERSION = 5.0;
				TARGETED_DEVICE_FAMILY = "1,2";
				TEST_HOST = "$(BUILT_PRODUCTS_DIR)/AI Birthday calendar & remind.app/$(BUNDLE_EXECUTABLE_FOLDER_PATH)/AI Birthday calendar & remind";
			};
			name = Debug;
		};
		8D1242582B7D267D00ED016E /* Release */ = {
			isa = XCBuildConfiguration;
			buildSettings = {
				ALWAYS_EMBED_SWIFT_STANDARD_LIBRARIES = YES;
				BUNDLE_LOADER = "$(TEST_HOST)";
				CODE_SIGN_STYLE = Automatic;
				CURRENT_PROJECT_VERSION = 1;
				DEVELOPMENT_TEAM = 8HZT3TR2ZJ;
				GENERATE_INFOPLIST_FILE = YES;
				IPHONEOS_DEPLOYMENT_TARGET = 17.2;
				MARKETING_VERSION = 1.0;
				PRODUCT_BUNDLE_IDENTIFIER = "Wellbeing-Vantage.AI-Birthday-calendar---remindTests";
				PRODUCT_NAME = "$(TARGET_NAME)";
				SWIFT_EMIT_LOC_STRINGS = NO;
				SWIFT_VERSION = 5.0;
				TARGETED_DEVICE_FAMILY = "1,2";
				TEST_HOST = "$(BUILT_PRODUCTS_DIR)/AI Birthday calendar & remind.app/$(BUNDLE_EXECUTABLE_FOLDER_PATH)/AI Birthday calendar & remind";
			};
			name = Release;
		};
		8D12425A2B7D267D00ED016E /* Debug */ = {
			isa = XCBuildConfiguration;
			buildSettings = {
				ALWAYS_EMBED_SWIFT_STANDARD_LIBRARIES = YES;
				CODE_SIGN_STYLE = Automatic;
				CURRENT_PROJECT_VERSION = 1;
				DEVELOPMENT_TEAM = 8HZT3TR2ZJ;
				GENERATE_INFOPLIST_FILE = YES;
				MARKETING_VERSION = 1.0;
				PRODUCT_BUNDLE_IDENTIFIER = "Wellbeing-Vantage.AI-Birthday-calendar---remindUITests";
				PRODUCT_NAME = "$(TARGET_NAME)";
				SWIFT_EMIT_LOC_STRINGS = NO;
				SWIFT_VERSION = 5.0;
				TARGETED_DEVICE_FAMILY = "1,2";
				TEST_TARGET_NAME = "AI Birthday calendar & remind";
			};
			name = Debug;
		};
		8D12425B2B7D267D00ED016E /* Release */ = {
			isa = XCBuildConfiguration;
			buildSettings = {
				ALWAYS_EMBED_SWIFT_STANDARD_LIBRARIES = YES;
				CODE_SIGN_STYLE = Automatic;
				CURRENT_PROJECT_VERSION = 1;
				DEVELOPMENT_TEAM = 8HZT3TR2ZJ;
				GENERATE_INFOPLIST_FILE = YES;
				MARKETING_VERSION = 1.0;
				PRODUCT_BUNDLE_IDENTIFIER = "Wellbeing-Vantage.AI-Birthday-calendar---remindUITests";
				PRODUCT_NAME = "$(TARGET_NAME)";
				SWIFT_EMIT_LOC_STRINGS = NO;
				SWIFT_VERSION = 5.0;
				TARGETED_DEVICE_FAMILY = "1,2";
				TEST_TARGET_NAME = "AI Birthday calendar & remind";
			};
			name = Release;
		};
/* End XCBuildConfiguration section */

/* Begin XCConfigurationList section */
		8D1242202B7D267B00ED016E /* Build configuration list for PBXProject "AI Birthday calendar & remind" */ = {
			isa = XCConfigurationList;
			buildConfigurations = (
				8D1242512B7D267D00ED016E /* Debug */,
				8D1242522B7D267D00ED016E /* Release */,
			);
			defaultConfigurationIsVisible = 0;
			defaultConfigurationName = Release;
		};
		8D1242532B7D267D00ED016E /* Build configuration list for PBXNativeTarget "AI Birthday calendar & remind" */ = {
			isa = XCConfigurationList;
			buildConfigurations = (
				8D1242542B7D267D00ED016E /* Debug */,
				8D1242552B7D267D00ED016E /* Release */,
			);
			defaultConfigurationIsVisible = 0;
			defaultConfigurationName = Release;
		};
		8D1242562B7D267D00ED016E /* Build configuration list for PBXNativeTarget "AI Birthday calendar & remindTests" */ = {
			isa = XCConfigurationList;
			buildConfigurations = (
				8D1242572B7D267D00ED016E /* Debug */,
				8D1242582B7D267D00ED016E /* Release */,
			);
			defaultConfigurationIsVisible = 0;
			defaultConfigurationName = Release;
		};
		8D1242592B7D267D00ED016E /* Build configuration list for PBXNativeTarget "AI Birthday calendar & remindUITests" */ = {
			isa = XCConfigurationList;
			buildConfigurations = (
				8D12425A2B7D267D00ED016E /* Debug */,
				8D12425B2B7D267D00ED016E /* Release */,
			);
			defaultConfigurationIsVisible = 0;
			defaultConfigurationName = Release;
		};
/* End XCConfigurationList section */

/* Begin XCVersionGroup section */
		8D1242312B7D267B00ED016E /* AI_Birthday_calendar___remind.xcdatamodeld */ = {
			isa = XCVersionGroup;
			children = (
				8D1242322B7D267B00ED016E /* AI_Birthday_calendar___remind.xcdatamodel */,
			);
			currentVersion = 8D1242322B7D267B00ED016E /* AI_Birthday_calendar___remind.xcdatamodel */;
			path = "AI_Birthday_calendar___remind.xcdatamodeld";
			sourceTree = "<group>";
			versionGroupType = wrapper.xcdatamodel;
		};
/* End XCVersionGroup section */
	};
	rootObject = 8D12421D2B7D267B00ED016E /* Project object */;
}
